
Microsoft Visual Studio Solution File, Format Version 12.00
# Visual Studio 15
VisualStudioVersion = 15.0.27428.2015
MinimumVisualStudioVersion = 10.0.40219.1
Project("{FAE04EC0-301F-11D3-BF4B-00C04F79EFBC}") = "EncogCSharp", "EncogCSharp\EncogCSharp.csproj", "{50B0E788-0551-4706-8E6D-EDE5051FAB1D}"
EndProject
Global
	GlobalSection(SolutionConfigurationPlatforms) = preSolution
		Debug|Any CPU = Debug|Any CPU
		Release|Any CPU = Release|Any CPU
	EndGlobalSection
	GlobalSection(ProjectConfigurationPlatforms) = postSolution
		{50B0E788-0551-4706-8E6D-EDE5051FAB1D}.Debug|Any CPU.ActiveCfg = Debug|Any CPU
		{50B0E788-0551-4706-8E6D-EDE5051FAB1D}.Debug|Any CPU.Build.0 = Debug|Any CPU
		{50B0E788-0551-4706-8E6D-EDE5051FAB1D}.Release|Any CPU.ActiveCfg = Release|Any CPU
		{50B0E788-0551-4706-8E6D-EDE5051FAB1D}.Release|Any CPU.Build.0 = Release|Any CPU
	EndGlobalSection
	GlobalSection(SolutionProperties) = preSolution
		HideSolutionNode = FALSE
	EndGlobalSection
	GlobalSection(ExtensibilityGlobals) = postSolution
		SolutionGuid = {B7EBCFA2-95BC-4B88-896D-3A03D009C365}
	EndGlobalSection
EndGlobal
